
Microsoft Visual Studio Solution File, Format Version 12.00
# Visual Studio 14
VisualStudioVersion = 14.0.25420.1
MinimumVisualStudioVersion = 10.0.40219.1
Project("{FAE04EC0-301F-11D3-BF4B-00C04F79EFBC}") = "NPOIDemo", "NPOIDemo\NPOIDemo.csproj", "{70B694E3-FD59-46A6-B757-915A7DCC12E6}"
EndProject
Project("{FAE04EC0-301F-11D3-BF4B-00C04F79EFBC}") = "HttpTest", "HttpTest\HttpTest.csproj", "{0F824D59-1F25-4FBF-94FD-4C833160B4B2}"
EndProject
Project("{FAE04EC0-301F-11D3-BF4B-00C04F79EFBC}") = "GuidTest", "GuidTest\GuidTest.csproj", "{7AE372F1-771C-42B4-8ABE-D3D29EE016C5}"
EndProject
Project("{FAE04EC0-301F-11D3-BF4B-00C04F79EFBC}") = "HashTableTest", "HashTableTest\HashTableTest.csproj", "{CFA99E7F-384A-4096-A38E-A1F8656C434F}"
EndProject
Project("{FAE04EC0-301F-11D3-BF4B-00C04F79EFBC}") = "ListHashSetArray", "ListHashSetArray\ListHashSetArray.csproj", "{85B88E81-4BB2-41FC-8B11-11DEFB0FDC60}"
EndProject
Project("{FAE04EC0-301F-11D3-BF4B-00C04F79EFBC}") = "MD5_生成签名", "MD5_生成签名\MD5_生成签名.csproj", "{8D7320D5-B210-4641-A19F-2E90C98A6A80}"
EndProject
Project("{FAE04EC0-301F-11D3-BF4B-00C04F79EFBC}") = "SqlHelper1", "SqlHelper1\SqlHelper1.csproj", "{1238FA73-2F64-4A22-9093-1F8A629ADA59}"
EndProject
Project("{FAE04EC0-301F-11D3-BF4B-00C04F79EFBC}") = "StopWatch的用法", "StopWatch的用法\StopWatch的用法.csproj", "{9F590A08-D56F-4072-9E91-3739F9DDA5E8}"
EndProject
Project("{FAE04EC0-301F-11D3-BF4B-00C04F79EFBC}") = "string操作", "string操作\string操作.csproj", "{CD33804A-FA91-4D6F-8B50-921694CEBD29}"
EndProject
Project("{FAE04EC0-301F-11D3-BF4B-00C04F79EFBC}") = "string数组到int数组", "string数组到int数组\string数组到int数组.csproj", "{EE3DA2DC-CC85-4AAE-8A05-8606A3D0D550}"
EndProject
Project("{FAE04EC0-301F-11D3-BF4B-00C04F79EFBC}") = "XML操作", "XML操作\XML操作.csproj", "{C0B62560-7415-4B43-80F1-A541FAD35326}"
EndProject
Project("{FAE04EC0-301F-11D3-BF4B-00C04F79EFBC}") = "构造函数", "构造函数\构造函数.csproj", "{3D2517AE-1DE7-403C-A75A-1925C523962E}"
EndProject
Project("{FAE04EC0-301F-11D3-BF4B-00C04F79EFBC}") = "根据经纬度计算距离", "根据经纬度计算距离\根据经纬度计算距离.csproj", "{B2AAFF76-5D08-41C4-A531-2815186A268D}"
EndProject
Project("{FAE04EC0-301F-11D3-BF4B-00C04F79EFBC}") = "计算时间差", "计算时间差\计算时间差.csproj", "{DBE74149-F976-4228-860B-FD217EDAF6FD}"
EndProject
Project("{FAE04EC0-301F-11D3-BF4B-00C04F79EFBC}") = "判空与TryParse", "判空与TryParse\判空与TryParse.csproj", "{612291F4-D285-438D-895D-3C9F36077D1F}"
EndProject
Global
	GlobalSection(SolutionConfigurationPlatforms) = preSolution
		Debug|Any CPU = Debug|Any CPU
		Release|Any CPU = Release|Any CPU
	EndGlobalSection
	GlobalSection(ProjectConfigurationPlatforms) = postSolution
		{70B694E3-FD59-46A6-B757-915A7DCC12E6}.Debug|Any CPU.ActiveCfg = Debug|Any CPU
		{70B694E3-FD59-46A6-B757-915A7DCC12E6}.Debug|Any CPU.Build.0 = Debug|Any CPU
		{70B694E3-FD59-46A6-B757-915A7DCC12E6}.Release|Any CPU.ActiveCfg = Release|Any CPU
		{70B694E3-FD59-46A6-B757-915A7DCC12E6}.Release|Any CPU.Build.0 = Release|Any CPU
		{0F824D59-1F25-4FBF-94FD-4C833160B4B2}.Debug|Any CPU.ActiveCfg = Debug|Any CPU
		{0F824D59-1F25-4FBF-94FD-4C833160B4B2}.Debug|Any CPU.Build.0 = Debug|Any CPU
		{0F824D59-1F25-4FBF-94FD-4C833160B4B2}.Release|Any CPU.ActiveCfg = Release|Any CPU
		{0F824D59-1F25-4FBF-94FD-4C833160B4B2}.Release|Any CPU.Build.0 = Release|Any CPU
		{7AE372F1-771C-42B4-8ABE-D3D29EE016C5}.Debug|Any CPU.ActiveCfg = Debug|Any CPU
		{7AE372F1-771C-42B4-8ABE-D3D29EE016C5}.Debug|Any CPU.Build.0 = Debug|Any CPU
		{7AE372F1-771C-42B4-8ABE-D3D29EE016C5}.Release|Any CPU.ActiveCfg = Release|Any CPU
		{7AE372F1-771C-42B4-8ABE-D3D29EE016C5}.Release|Any CPU.Build.0 = Release|Any CPU
		{CFA99E7F-384A-4096-A38E-A1F8656C434F}.Debug|Any CPU.ActiveCfg = Debug|Any CPU
		{CFA99E7F-384A-4096-A38E-A1F8656C434F}.Debug|Any CPU.Build.0 = Debug|Any CPU
		{CFA99E7F-384A-4096-A38E-A1F8656C434F}.Release|Any CPU.ActiveCfg = Release|Any CPU
		{CFA99E7F-384A-4096-A38E-A1F8656C434F}.Release|Any CPU.Build.0 = Release|Any CPU
		{85B88E81-4BB2-41FC-8B11-11DEFB0FDC60}.Debug|Any CPU.ActiveCfg = Debug|Any CPU
		{85B88E81-4BB2-41FC-8B11-11DEFB0FDC60}.Debug|Any CPU.Build.0 = Debug|Any CPU
		{85B88E81-4BB2-41FC-8B11-11DEFB0FDC60}.Release|Any CPU.ActiveCfg = Release|Any CPU
		{85B88E81-4BB2-41FC-8B11-11DEFB0FDC60}.Release|Any CPU.Build.0 = Release|Any CPU
		{8D7320D5-B210-4641-A19F-2E90C98A6A80}.Debug|Any CPU.ActiveCfg = Debug|Any CPU
		{8D7320D5-B210-4641-A19F-2E90C98A6A80}.Debug|Any CPU.Build.0 = Debug|Any CPU
		{8D7320D5-B210-4641-A19F-2E90C98A6A80}.Release|Any CPU.ActiveCfg = Release|Any CPU
		{8D7320D5-B210-4641-A19F-2E90C98A6A80}.Release|Any CPU.Build.0 = Release|Any CPU
		{1238FA73-2F64-4A22-9093-1F8A629ADA59}.Debug|Any CPU.ActiveCfg = Debug|Any CPU
		{1238FA73-2F64-4A22-9093-1F8A629ADA59}.Debug|Any CPU.Build.0 = Debug|Any CPU
		{1238FA73-2F64-4A22-9093-1F8A629ADA59}.Release|Any CPU.ActiveCfg = Release|Any CPU
		{1238FA73-2F64-4A22-9093-1F8A629ADA59}.Release|Any CPU.Build.0 = Release|Any CPU
		{9F590A08-D56F-4072-9E91-3739F9DDA5E8}.Debug|Any CPU.ActiveCfg = Debug|Any CPU
		{9F590A08-D56F-4072-9E91-3739F9DDA5E8}.Debug|Any CPU.Build.0 = Debug|Any CPU
		{9F590A08-D56F-4072-9E91-3739F9DDA5E8}.Release|Any CPU.ActiveCfg = Release|Any CPU
		{9F590A08-D56F-4072-9E91-3739F9DDA5E8}.Release|Any CPU.Build.0 = Release|Any CPU
		{CD33804A-FA91-4D6F-8B50-921694CEBD29}.Debug|Any CPU.ActiveCfg = Debug|Any CPU
		{CD33804A-FA91-4D6F-8B50-921694CEBD29}.Debug|Any CPU.Build.0 = Debug|Any CPU
		{CD33804A-FA91-4D6F-8B50-921694CEBD29}.Release|Any CPU.ActiveCfg = Release|Any CPU
		{CD33804A-FA91-4D6F-8B50-921694CEBD29}.Release|Any CPU.Build.0 = Release|Any CPU
		{EE3DA2DC-CC85-4AAE-8A05-8606A3D0D550}.Debug|Any CPU.ActiveCfg = Debug|Any CPU
		{EE3DA2DC-CC85-4AAE-8A05-8606A3D0D550}.Debug|Any CPU.Build.0 = Debug|Any CPU
		{EE3DA2DC-CC85-4AAE-8A05-8606A3D0D550}.Release|Any CPU.ActiveCfg = Release|Any CPU
		{EE3DA2DC-CC85-4AAE-8A05-8606A3D0D550}.Release|Any CPU.Build.0 = Release|Any CPU
		{C0B62560-7415-4B43-80F1-A541FAD35326}.Debug|Any CPU.ActiveCfg = Debug|Any CPU
		{C0B62560-7415-4B43-80F1-A541FAD35326}.Debug|Any CPU.Build.0 = Debug|Any CPU
		{C0B62560-7415-4B43-80F1-A541FAD35326}.Release|Any CPU.ActiveCfg = Release|Any CPU
		{C0B62560-7415-4B43-80F1-A541FAD35326}.Release|Any CPU.Build.0 = Release|Any CPU
		{3D2517AE-1DE7-403C-A75A-1925C523962E}.Debug|Any CPU.ActiveCfg = Debug|Any CPU
		{3D2517AE-1DE7-403C-A75A-1925C523962E}.Debug|Any CPU.Build.0 = Debug|Any CPU
		{3D2517AE-1DE7-403C-A75A-1925C523962E}.Release|Any CPU.ActiveCfg = Release|Any CPU
		{3D2517AE-1DE7-403C-A75A-1925C523962E}.Release|Any CPU.Build.0 = Release|Any CPU
		{B2AAFF76-5D08-41C4-A531-2815186A268D}.Debug|Any CPU.ActiveCfg = Debug|Any CPU
		{B2AAFF76-5D08-41C4-A531-2815186A268D}.Debug|Any CPU.Build.0 = Debug|Any CPU
		{B2AAFF76-5D08-41C4-A531-2815186A268D}.Release|Any CPU.ActiveCfg = Release|Any CPU
		{B2AAFF76-5D08-41C4-A531-2815186A268D}.Release|Any CPU.Build.0 = Release|Any CPU
		{DBE74149-F976-4228-860B-FD217EDAF6FD}.Debug|Any CPU.ActiveCfg = Debug|Any CPU
		{DBE74149-F976-4228-860B-FD217EDAF6FD}.Debug|Any CPU.Build.0 = Debug|Any CPU
		{DBE74149-F976-4228-860B-FD217EDAF6FD}.Release|Any CPU.ActiveCfg = Release|Any CPU
		{DBE74149-F976-4228-860B-FD217EDAF6FD}.Release|Any CPU.Build.0 = Release|Any CPU
		{612291F4-D285-438D-895D-3C9F36077D1F}.Debug|Any CPU.ActiveCfg = Debug|Any CPU
		{612291F4-D285-438D-895D-3C9F36077D1F}.Debug|Any CPU.Build.0 = Debug|Any CPU
		{612291F4-D285-438D-895D-3C9F36077D1F}.Release|Any CPU.ActiveCfg = Release|Any CPU
		{612291F4-D285-438D-895D-3C9F36077D1F}.Release|Any CPU.Build.0 = Release|Any CPU
	EndGlobalSection
	GlobalSection(SolutionProperties) = preSolution
		HideSolutionNode = FALSE
	EndGlobalSection
EndGlobal
