
Microsoft Visual Studio Solution File, Format Version 12.00
# Visual Studio 14
VisualStudioVersion = 14.0.25420.1
MinimumVisualStudioVersion = 10.0.40219.1
Project("{FAE04EC0-301F-11D3-BF4B-00C04F79EFBC}") = "NPOIDemo", "NPOIDemo\NPOIDemo.csproj", "{70B694E3-FD59-46A6-B757-915A7DCC12E6}"
EndProject
Project("{FAE04EC0-301F-11D3-BF4B-00C04F79EFBC}") = "HttpTest", "HttpTest\HttpTest.csproj", "{0F824D59-1F25-4FBF-94FD-4C833160B4B2}"
EndProject
Project("{FAE04EC0-301F-11D3-BF4B-00C04F79EFBC}") = "GuidTest", "GuidTest\GuidTest.csproj", "{7AE372F1-771C-42B4-8ABE-D3D29EE016C5}"
EndProject
Project("{FAE04EC0-301F-11D3-BF4B-00C04F79EFBC}") = "HashTableTest", "HashTableTest\HashTableTest.csproj", "{CFA99E7F-384A-4096-A38E-A1F8656C434F}"
EndProject
Project("{FAE04EC0-301F-11D3-BF4B-00C04F79EFBC}") = "ListHashSetArray", "ListHashSetArray\ListHashSetArray.csproj", "{85B88E81-4BB2-41FC-8B11-11DEFB0FDC60}"
EndProject
Project("{FAE04EC0-301F-11D3-BF4B-00C04F79EFBC}") = "MD5_生成签名", "MD5_生成签名\MD5_生成签名.csproj", "{8D7320D5-B210-4641-A19F-2E90C98A6A80}"
EndProject
Project("{FAE04EC0-301F-11D3-BF4B-00C04F79EFBC}") = "SqlHelper1", "SqlHelper1\SqlHelper1.csproj", "{1238FA73-2F64-4A22-9093-1F8A629ADA59}"
EndProject
Project("{FAE04EC0-301F-11D3-BF4B-00C04F79EFBC}") = "StopWatch的用法", "StopWatch的用法\StopWatch的用法.csproj", "{9F590A08-D56F-4072-9E91-3739F9DDA5E8}"
EndProject
Project("{FAE04EC0-301F-11D3-BF4B-00C04F79EFBC}") = "string操作", "string操作\string操作.csproj", "{CD33804A-FA91-4D6F-8B50-921694CEBD29}"
EndProject
Project("{FAE04EC0-301F-11D3-BF4B-00C04F79EFBC}") = "string数组到int数组", "string数组到int数组\string数组到int数组.csproj", "{EE3DA2DC-CC85-4AAE-8A05-8606A3D0D550}"
EndProject
Project("{FAE04EC0-301F-11D3-BF4B-00C04F79EFBC}") = "XML操作", "XML操作\XML操作.csproj", "{C0B62560-7415-4B43-80F1-A541FAD35326}"
EndProject
Project("{FAE04EC0-301F-11D3-BF4B-00C04F79EFBC}") = "构造函数", "构造函数\构造函数.csproj", "{3D2517AE-1DE7-403C-A75A-1925C523962E}"
EndProject
Project("{FAE04EC0-301F-11D3-BF4B-00C04F79EFBC}") = "根据经纬度计算距离", "根据经纬度计算距离\根据经纬度计算距离.csproj", "{B2AAFF76-5D08-41C4-A531-2815186A268D}"
EndProject
Project("{FAE04EC0-301F-11D3-BF4B-00C04F79EFBC}") = "计算时间差", "计算时间差\计算时间差.csproj", "{DBE74149-F976-4228-860B-FD217EDAF6FD}"
EndProject
Project("{FAE04EC0-301F-11D3-BF4B-00C04F79EFBC}") = "判空与TryParse", "判空与TryParse\判空与TryParse.csproj", "{612291F4-D285-438D-895D-3C9F36077D1F}"
EndProject
Project("{FAE04EC0-301F-11D3-BF4B-00C04F79EFBC}") = "正则表达式", "正则表达式\正则表达式.csproj", "{3D6D77E1-C2C2-4043-9A35-2B8376696FB3}"
EndProject
Project("{FAE04EC0-301F-11D3-BF4B-00C04F79EFBC}") = "AdoDoNet事务", "AdoDoNet事务\AdoDoNet事务.csproj", "{B838C7BE-6986-4AB4-AE56-DE2BDC6C3669}"
EndProject
Project("{FAE04EC0-301F-11D3-BF4B-00C04F79EFBC}") = "asyns和await入门", "asyns和await入门\asyns和await入门.csproj", "{4620B658-8894-43BA-B508-1816FC50A3DD}"
EndProject
Project("{FAE04EC0-301F-11D3-BF4B-00C04F79EFBC}") = "WebformApiJson", "WebformApiJson\WebformApiJson.csproj", "{AA024CAD-86BD-49C1-9C6E-33C3A991F32D}"
EndProject
Project("{FAE04EC0-301F-11D3-BF4B-00C04F79EFBC}") = "List集合操作", "List集合操作\List集合操作.csproj", "{0C2EF842-E7CB-4A4C-BE1A-324CEC1EB808}"
EndProject
Project("{FAE04EC0-301F-11D3-BF4B-00C04F79EFBC}") = "Return用法", "Return用法\Return用法.csproj", "{2AEAEE16-44F8-456A-B620-313FFC4D0771}"
EndProject
Project("{FAE04EC0-301F-11D3-BF4B-00C04F79EFBC}") = "Thread入门", "Thread入门\Thread入门.csproj", "{08349924-53A5-4FBC-9A4D-DA87F074238A}"
EndProject
Project("{FAE04EC0-301F-11D3-BF4B-00C04F79EFBC}") = "根据营业时间计算配送时间", "根据营业时间计算配送时间\根据营业时间计算配送时间.csproj", "{D5070FCF-3586-4D33-9F44-0E6C35532D16}"
EndProject
Project("{FAE04EC0-301F-11D3-BF4B-00C04F79EFBC}") = "Get周月日的第一天", "Get周月日的第一天\Get周月日的第一天.csproj", "{F594787D-45A3-4BE2-B486-F1852A0A78B4}"
EndProject
Project("{FAE04EC0-301F-11D3-BF4B-00C04F79EFBC}") = "获取某个文件夹下的所有文件名", "获取某个文件夹下的所有文件名\获取某个文件夹下的所有文件名.csproj", "{6CA02169-4224-468C-A01F-72F3E5514546}"
EndProject
Project("{FAE04EC0-301F-11D3-BF4B-00C04F79EFBC}") = "经纬度转换地址", "经纬度转换地址\经纬度转换地址.csproj", "{762F7E99-711C-4C07-9894-F8014A790373}"
EndProject
Project("{FAE04EC0-301F-11D3-BF4B-00C04F79EFBC}") = "简单跨域请求", "简单跨域请求\简单跨域请求.csproj", "{EBB05830-4083-4AB1-8D42-8F0A7825F87A}"
EndProject
Project("{FAE04EC0-301F-11D3-BF4B-00C04F79EFBC}") = "时间段转换成时间", "时间段转换成时间\时间段转换成时间.csproj", "{2E098F3E-5821-446F-ACF1-ED256D8A9F62}"
EndProject
Project("{FAE04EC0-301F-11D3-BF4B-00C04F79EFBC}") = "随机验证码", "随机验证码\随机验证码.csproj", "{1EA39C6B-B0EB-43CB-8007-1591CA72FFB4}"
EndProject
Project("{FAE04EC0-301F-11D3-BF4B-00C04F79EFBC}") = "EFDemo", "EFDemo\EFDemo.csproj", "{E6387743-77CC-4C6A-B88C-BAE7B140BE54}"
EndProject
Project("{FAE04EC0-301F-11D3-BF4B-00C04F79EFBC}") = "HelperClass", "HelperClass\HelperClass.csproj", "{4A087BFB-E99D-4385-AD35-C544A4E2A559}"
EndProject
Global
	GlobalSection(SolutionConfigurationPlatforms) = preSolution
		Debug|Any CPU = Debug|Any CPU
		Release|Any CPU = Release|Any CPU
	EndGlobalSection
	GlobalSection(ProjectConfigurationPlatforms) = postSolution
		{70B694E3-FD59-46A6-B757-915A7DCC12E6}.Debug|Any CPU.ActiveCfg = Debug|Any CPU
		{70B694E3-FD59-46A6-B757-915A7DCC12E6}.Debug|Any CPU.Build.0 = Debug|Any CPU
		{70B694E3-FD59-46A6-B757-915A7DCC12E6}.Release|Any CPU.ActiveCfg = Release|Any CPU
		{70B694E3-FD59-46A6-B757-915A7DCC12E6}.Release|Any CPU.Build.0 = Release|Any CPU
		{0F824D59-1F25-4FBF-94FD-4C833160B4B2}.Debug|Any CPU.ActiveCfg = Debug|Any CPU
		{0F824D59-1F25-4FBF-94FD-4C833160B4B2}.Debug|Any CPU.Build.0 = Debug|Any CPU
		{0F824D59-1F25-4FBF-94FD-4C833160B4B2}.Release|Any CPU.ActiveCfg = Release|Any CPU
		{0F824D59-1F25-4FBF-94FD-4C833160B4B2}.Release|Any CPU.Build.0 = Release|Any CPU
		{7AE372F1-771C-42B4-8ABE-D3D29EE016C5}.Debug|Any CPU.ActiveCfg = Debug|Any CPU
		{7AE372F1-771C-42B4-8ABE-D3D29EE016C5}.Debug|Any CPU.Build.0 = Debug|Any CPU
		{7AE372F1-771C-42B4-8ABE-D3D29EE016C5}.Release|Any CPU.ActiveCfg = Release|Any CPU
		{7AE372F1-771C-42B4-8ABE-D3D29EE016C5}.Release|Any CPU.Build.0 = Release|Any CPU
		{CFA99E7F-384A-4096-A38E-A1F8656C434F}.Debug|Any CPU.ActiveCfg = Debug|Any CPU
		{CFA99E7F-384A-4096-A38E-A1F8656C434F}.Debug|Any CPU.Build.0 = Debug|Any CPU
		{CFA99E7F-384A-4096-A38E-A1F8656C434F}.Release|Any CPU.ActiveCfg = Release|Any CPU
		{CFA99E7F-384A-4096-A38E-A1F8656C434F}.Release|Any CPU.Build.0 = Release|Any CPU
		{85B88E81-4BB2-41FC-8B11-11DEFB0FDC60}.Debug|Any CPU.ActiveCfg = Debug|Any CPU
		{85B88E81-4BB2-41FC-8B11-11DEFB0FDC60}.Debug|Any CPU.Build.0 = Debug|Any CPU
		{85B88E81-4BB2-41FC-8B11-11DEFB0FDC60}.Release|Any CPU.ActiveCfg = Release|Any CPU
		{85B88E81-4BB2-41FC-8B11-11DEFB0FDC60}.Release|Any CPU.Build.0 = Release|Any CPU
		{8D7320D5-B210-4641-A19F-2E90C98A6A80}.Debug|Any CPU.ActiveCfg = Debug|Any CPU
		{8D7320D5-B210-4641-A19F-2E90C98A6A80}.Debug|Any CPU.Build.0 = Debug|Any CPU
		{8D7320D5-B210-4641-A19F-2E90C98A6A80}.Release|Any CPU.ActiveCfg = Release|Any CPU
		{8D7320D5-B210-4641-A19F-2E90C98A6A80}.Release|Any CPU.Build.0 = Release|Any CPU
		{1238FA73-2F64-4A22-9093-1F8A629ADA59}.Debug|Any CPU.ActiveCfg = Debug|Any CPU
		{1238FA73-2F64-4A22-9093-1F8A629ADA59}.Debug|Any CPU.Build.0 = Debug|Any CPU
		{1238FA73-2F64-4A22-9093-1F8A629ADA59}.Release|Any CPU.ActiveCfg = Release|Any CPU
		{1238FA73-2F64-4A22-9093-1F8A629ADA59}.Release|Any CPU.Build.0 = Release|Any CPU
		{9F590A08-D56F-4072-9E91-3739F9DDA5E8}.Debug|Any CPU.ActiveCfg = Debug|Any CPU
		{9F590A08-D56F-4072-9E91-3739F9DDA5E8}.Debug|Any CPU.Build.0 = Debug|Any CPU
		{9F590A08-D56F-4072-9E91-3739F9DDA5E8}.Release|Any CPU.ActiveCfg = Release|Any CPU
		{9F590A08-D56F-4072-9E91-3739F9DDA5E8}.Release|Any CPU.Build.0 = Release|Any CPU
		{CD33804A-FA91-4D6F-8B50-921694CEBD29}.Debug|Any CPU.ActiveCfg = Debug|Any CPU
		{CD33804A-FA91-4D6F-8B50-921694CEBD29}.Debug|Any CPU.Build.0 = Debug|Any CPU
		{CD33804A-FA91-4D6F-8B50-921694CEBD29}.Release|Any CPU.ActiveCfg = Release|Any CPU
		{CD33804A-FA91-4D6F-8B50-921694CEBD29}.Release|Any CPU.Build.0 = Release|Any CPU
		{EE3DA2DC-CC85-4AAE-8A05-8606A3D0D550}.Debug|Any CPU.ActiveCfg = Debug|Any CPU
		{EE3DA2DC-CC85-4AAE-8A05-8606A3D0D550}.Debug|Any CPU.Build.0 = Debug|Any CPU
		{EE3DA2DC-CC85-4AAE-8A05-8606A3D0D550}.Release|Any CPU.ActiveCfg = Release|Any CPU
		{EE3DA2DC-CC85-4AAE-8A05-8606A3D0D550}.Release|Any CPU.Build.0 = Release|Any CPU
		{C0B62560-7415-4B43-80F1-A541FAD35326}.Debug|Any CPU.ActiveCfg = Debug|Any CPU
		{C0B62560-7415-4B43-80F1-A541FAD35326}.Debug|Any CPU.Build.0 = Debug|Any CPU
		{C0B62560-7415-4B43-80F1-A541FAD35326}.Release|Any CPU.ActiveCfg = Release|Any CPU
		{C0B62560-7415-4B43-80F1-A541FAD35326}.Release|Any CPU.Build.0 = Release|Any CPU
		{3D2517AE-1DE7-403C-A75A-1925C523962E}.Debug|Any CPU.ActiveCfg = Debug|Any CPU
		{3D2517AE-1DE7-403C-A75A-1925C523962E}.Debug|Any CPU.Build.0 = Debug|Any CPU
		{3D2517AE-1DE7-403C-A75A-1925C523962E}.Release|Any CPU.ActiveCfg = Release|Any CPU
		{3D2517AE-1DE7-403C-A75A-1925C523962E}.Release|Any CPU.Build.0 = Release|Any CPU
		{B2AAFF76-5D08-41C4-A531-2815186A268D}.Debug|Any CPU.ActiveCfg = Debug|Any CPU
		{B2AAFF76-5D08-41C4-A531-2815186A268D}.Debug|Any CPU.Build.0 = Debug|Any CPU
		{B2AAFF76-5D08-41C4-A531-2815186A268D}.Release|Any CPU.ActiveCfg = Release|Any CPU
		{B2AAFF76-5D08-41C4-A531-2815186A268D}.Release|Any CPU.Build.0 = Release|Any CPU
		{DBE74149-F976-4228-860B-FD217EDAF6FD}.Debug|Any CPU.ActiveCfg = Debug|Any CPU
		{DBE74149-F976-4228-860B-FD217EDAF6FD}.Debug|Any CPU.Build.0 = Debug|Any CPU
		{DBE74149-F976-4228-860B-FD217EDAF6FD}.Release|Any CPU.ActiveCfg = Release|Any CPU
		{DBE74149-F976-4228-860B-FD217EDAF6FD}.Release|Any CPU.Build.0 = Release|Any CPU
		{612291F4-D285-438D-895D-3C9F36077D1F}.Debug|Any CPU.ActiveCfg = Debug|Any CPU
		{612291F4-D285-438D-895D-3C9F36077D1F}.Debug|Any CPU.Build.0 = Debug|Any CPU
		{612291F4-D285-438D-895D-3C9F36077D1F}.Release|Any CPU.ActiveCfg = Release|Any CPU
		{612291F4-D285-438D-895D-3C9F36077D1F}.Release|Any CPU.Build.0 = Release|Any CPU
		{3D6D77E1-C2C2-4043-9A35-2B8376696FB3}.Debug|Any CPU.ActiveCfg = Debug|Any CPU
		{3D6D77E1-C2C2-4043-9A35-2B8376696FB3}.Debug|Any CPU.Build.0 = Debug|Any CPU
		{3D6D77E1-C2C2-4043-9A35-2B8376696FB3}.Release|Any CPU.ActiveCfg = Release|Any CPU
		{3D6D77E1-C2C2-4043-9A35-2B8376696FB3}.Release|Any CPU.Build.0 = Release|Any CPU
		{B838C7BE-6986-4AB4-AE56-DE2BDC6C3669}.Debug|Any CPU.ActiveCfg = Debug|Any CPU
		{B838C7BE-6986-4AB4-AE56-DE2BDC6C3669}.Debug|Any CPU.Build.0 = Debug|Any CPU
		{B838C7BE-6986-4AB4-AE56-DE2BDC6C3669}.Release|Any CPU.ActiveCfg = Release|Any CPU
		{B838C7BE-6986-4AB4-AE56-DE2BDC6C3669}.Release|Any CPU.Build.0 = Release|Any CPU
		{4620B658-8894-43BA-B508-1816FC50A3DD}.Debug|Any CPU.ActiveCfg = Debug|Any CPU
		{4620B658-8894-43BA-B508-1816FC50A3DD}.Debug|Any CPU.Build.0 = Debug|Any CPU
		{4620B658-8894-43BA-B508-1816FC50A3DD}.Release|Any CPU.ActiveCfg = Release|Any CPU
		{4620B658-8894-43BA-B508-1816FC50A3DD}.Release|Any CPU.Build.0 = Release|Any CPU
		{AA024CAD-86BD-49C1-9C6E-33C3A991F32D}.Debug|Any CPU.ActiveCfg = Debug|Any CPU
		{AA024CAD-86BD-49C1-9C6E-33C3A991F32D}.Debug|Any CPU.Build.0 = Debug|Any CPU
		{AA024CAD-86BD-49C1-9C6E-33C3A991F32D}.Release|Any CPU.ActiveCfg = Release|Any CPU
		{AA024CAD-86BD-49C1-9C6E-33C3A991F32D}.Release|Any CPU.Build.0 = Release|Any CPU
		{0C2EF842-E7CB-4A4C-BE1A-324CEC1EB808}.Debug|Any CPU.ActiveCfg = Debug|Any CPU
		{0C2EF842-E7CB-4A4C-BE1A-324CEC1EB808}.Debug|Any CPU.Build.0 = Debug|Any CPU
		{0C2EF842-E7CB-4A4C-BE1A-324CEC1EB808}.Release|Any CPU.ActiveCfg = Release|Any CPU
		{0C2EF842-E7CB-4A4C-BE1A-324CEC1EB808}.Release|Any CPU.Build.0 = Release|Any CPU
		{2AEAEE16-44F8-456A-B620-313FFC4D0771}.Debug|Any CPU.ActiveCfg = Debug|Any CPU
		{2AEAEE16-44F8-456A-B620-313FFC4D0771}.Debug|Any CPU.Build.0 = Debug|Any CPU
		{2AEAEE16-44F8-456A-B620-313FFC4D0771}.Release|Any CPU.ActiveCfg = Release|Any CPU
		{2AEAEE16-44F8-456A-B620-313FFC4D0771}.Release|Any CPU.Build.0 = Release|Any CPU
		{08349924-53A5-4FBC-9A4D-DA87F074238A}.Debug|Any CPU.ActiveCfg = Debug|Any CPU
		{08349924-53A5-4FBC-9A4D-DA87F074238A}.Debug|Any CPU.Build.0 = Debug|Any CPU
		{08349924-53A5-4FBC-9A4D-DA87F074238A}.Release|Any CPU.ActiveCfg = Release|Any CPU
		{08349924-53A5-4FBC-9A4D-DA87F074238A}.Release|Any CPU.Build.0 = Release|Any CPU
		{D5070FCF-3586-4D33-9F44-0E6C35532D16}.Debug|Any CPU.ActiveCfg = Debug|Any CPU
		{D5070FCF-3586-4D33-9F44-0E6C35532D16}.Debug|Any CPU.Build.0 = Debug|Any CPU
		{D5070FCF-3586-4D33-9F44-0E6C35532D16}.Release|Any CPU.ActiveCfg = Release|Any CPU
		{D5070FCF-3586-4D33-9F44-0E6C35532D16}.Release|Any CPU.Build.0 = Release|Any CPU
		{F594787D-45A3-4BE2-B486-F1852A0A78B4}.Debug|Any CPU.ActiveCfg = Debug|Any CPU
		{F594787D-45A3-4BE2-B486-F1852A0A78B4}.Debug|Any CPU.Build.0 = Debug|Any CPU
		{F594787D-45A3-4BE2-B486-F1852A0A78B4}.Release|Any CPU.ActiveCfg = Release|Any CPU
		{F594787D-45A3-4BE2-B486-F1852A0A78B4}.Release|Any CPU.Build.0 = Release|Any CPU
		{6CA02169-4224-468C-A01F-72F3E5514546}.Debug|Any CPU.ActiveCfg = Debug|Any CPU
		{6CA02169-4224-468C-A01F-72F3E5514546}.Debug|Any CPU.Build.0 = Debug|Any CPU
		{6CA02169-4224-468C-A01F-72F3E5514546}.Release|Any CPU.ActiveCfg = Release|Any CPU
		{6CA02169-4224-468C-A01F-72F3E5514546}.Release|Any CPU.Build.0 = Release|Any CPU
		{762F7E99-711C-4C07-9894-F8014A790373}.Debug|Any CPU.ActiveCfg = Debug|Any CPU
		{762F7E99-711C-4C07-9894-F8014A790373}.Debug|Any CPU.Build.0 = Debug|Any CPU
		{762F7E99-711C-4C07-9894-F8014A790373}.Release|Any CPU.ActiveCfg = Release|Any CPU
		{762F7E99-711C-4C07-9894-F8014A790373}.Release|Any CPU.Build.0 = Release|Any CPU
		{EBB05830-4083-4AB1-8D42-8F0A7825F87A}.Debug|Any CPU.ActiveCfg = Debug|Any CPU
		{EBB05830-4083-4AB1-8D42-8F0A7825F87A}.Debug|Any CPU.Build.0 = Debug|Any CPU
		{EBB05830-4083-4AB1-8D42-8F0A7825F87A}.Release|Any CPU.ActiveCfg = Release|Any CPU
		{EBB05830-4083-4AB1-8D42-8F0A7825F87A}.Release|Any CPU.Build.0 = Release|Any CPU
		{2E098F3E-5821-446F-ACF1-ED256D8A9F62}.Debug|Any CPU.ActiveCfg = Debug|Any CPU
		{2E098F3E-5821-446F-ACF1-ED256D8A9F62}.Debug|Any CPU.Build.0 = Debug|Any CPU
		{2E098F3E-5821-446F-ACF1-ED256D8A9F62}.Release|Any CPU.ActiveCfg = Release|Any CPU
		{2E098F3E-5821-446F-ACF1-ED256D8A9F62}.Release|Any CPU.Build.0 = Release|Any CPU
		{1EA39C6B-B0EB-43CB-8007-1591CA72FFB4}.Debug|Any CPU.ActiveCfg = Debug|Any CPU
		{1EA39C6B-B0EB-43CB-8007-1591CA72FFB4}.Debug|Any CPU.Build.0 = Debug|Any CPU
		{1EA39C6B-B0EB-43CB-8007-1591CA72FFB4}.Release|Any CPU.ActiveCfg = Release|Any CPU
		{1EA39C6B-B0EB-43CB-8007-1591CA72FFB4}.Release|Any CPU.Build.0 = Release|Any CPU
		{E6387743-77CC-4C6A-B88C-BAE7B140BE54}.Debug|Any CPU.ActiveCfg = Debug|Any CPU
		{E6387743-77CC-4C6A-B88C-BAE7B140BE54}.Debug|Any CPU.Build.0 = Debug|Any CPU
		{E6387743-77CC-4C6A-B88C-BAE7B140BE54}.Release|Any CPU.ActiveCfg = Release|Any CPU
		{E6387743-77CC-4C6A-B88C-BAE7B140BE54}.Release|Any CPU.Build.0 = Release|Any CPU
		{4A087BFB-E99D-4385-AD35-C544A4E2A559}.Debug|Any CPU.ActiveCfg = Debug|Any CPU
		{4A087BFB-E99D-4385-AD35-C544A4E2A559}.Debug|Any CPU.Build.0 = Debug|Any CPU
		{4A087BFB-E99D-4385-AD35-C544A4E2A559}.Release|Any CPU.ActiveCfg = Release|Any CPU
		{4A087BFB-E99D-4385-AD35-C544A4E2A559}.Release|Any CPU.Build.0 = Release|Any CPU
	EndGlobalSection
	GlobalSection(SolutionProperties) = preSolution
		HideSolutionNode = FALSE
	EndGlobalSection
EndGlobal
